Microsoft Visual Studio Solution File, Format Version 12.00
# Visual Studio Version 17
VisualStudioVersion = 17.5.2.0
MinimumVisualStudioVersion = 10.0.40219.1
Project("{FAE04EC0-301F-11D3-BF4B-00C04F79EFBC}") = "yanyan-store-minimal-apis", "yanyan-store-minimal-apis.csproj", "{E00C487A-3A0C-75EB-7DAD-6153B5F18F11}"
EndProject
Global
	GlobalSection(SolutionConfigurationPlatforms) = preSolution
		Debug|Any CPU = Debug|Any CPU
		Release|Any CPU = Release|Any CPU
	EndGlobalSection
	GlobalSection(ProjectConfigurationPlatforms) = postSolution
		{E00C487A-3A0C-75EB-7DAD-6153B5F18F11}.Debug|Any CPU.ActiveCfg = Debug|Any CPU
		{E00C487A-3A0C-75EB-7DAD-6153B5F18F11}.Debug|Any CPU.Build.0 = Debug|Any CPU
		{E00C487A-3A0C-75EB-7DAD-6153B5F18F11}.Release|Any CPU.ActiveCfg = Release|Any CPU
		{E00C487A-3A0C-75EB-7DAD-6153B5F18F11}.Release|Any CPU.Build.0 = Release|Any CPU
	EndGlobalSection
	GlobalSection(SolutionProperties) = preSolution
		HideSolutionNode = FALSE
	EndGlobalSection
	GlobalSection(ExtensibilityGlobals) = postSolution
		SolutionGuid = {FAB9A9FC-1572-4D07-AB14-6854C596A9FC}
	EndGlobalSection
EndGlobal
